// !$*UTF8*$!
{
	archiveVersion = 1;
	classes = {
	};
	objectVersion = 56;
	objects = {

/* Begin PBXBuildFile section */
		A10000000000000000000001 /* IPAForgeApp.swift in Sources */ = {isa = PBXBuildFile; fileRef = B10000000000000000000001 /* IPAForgeApp.swift */; };
		A10000000000000000000002 /* ContentView.swift in Sources */ = {isa = PBXBuildFile; fileRef = B10000000000000000000002 /* ContentView.swift */; };
		A10000000000000000000003 /* SignView.swift in Sources */ = {isa = PBXBuildFile; fileRef = B10000000000000000000003 /* SignView.swift */; };
		A10000000000000000000004 /* SettingsView.swift in Sources */ = {isa = PBXBuildFile; fileRef = B10000000000000000000004 /* SettingsView.swift */; };
		A10000000000000000000005 /* AddCertificateView.swift in Sources */ = {isa = PBXBuildFile; fileRef = B10000000000000000000005 /* AddCertificateView.swift */; };
		A10000000000000000000006 /* Certificate.swift in Sources */ = {isa = PBXBuildFile; fileRef = B10000000000000000000006 /* Certificate.swift */; };
		A10000000000000000000007 /* SigningOptions.swift in Sources */ = {isa = PBXBuildFile; fileRef = B10000000000000000000007 /* SigningOptions.swift */; };
		A10000000000000000000008 /* CertificateManager.swift in Sources */ = {isa = PBXBuildFile; fileRef = B10000000000000000000008 /* CertificateManager.swift */; };
		A10000000000000000000009 /* SigningService.swift in Sources */ = {isa = PBXBuildFile; fileRef = B10000000000000000000009 /* SigningService.swift */; };
		A1000000000000000000000A /* IPAArchiveService.swift in Sources */ = {isa = PBXBuildFile; fileRef = B1000000000000000000000A /* IPAArchiveService.swift */; };
		A1000000000000000000000B /* ZIPFoundation in Frameworks */ = {isa = PBXBuildFile; productRef = C10000000000000000000001 /* ZIPFoundation */; };
		A1000000000000000000000E /* FileImporterRepresentableView.swift in Sources */ = {isa = PBXBuildFile; fileRef = B1000000000000000000000E /* FileImporterRepresentableView.swift */; };
		A1000000000000000000000F /* UTType+cert.swift in Sources */ = {isa = PBXBuildFile; fileRef = B1000000000000000000000F /* UTType+cert.swift */; };
		A10000000000000000000010 /* UTType+ipa.swift in Sources */ = {isa = PBXBuildFile; fileRef = B10000000000000000000010 /* UTType+ipa.swift */; };
		A10000000000000000000011 /* IPAItem.swift in Sources */ = {isa = PBXBuildFile; fileRef = B10000000000000000000011 /* IPAItem.swift */; };
		A10000000000000000000012 /* IPALibrary.swift in Sources */ = {isa = PBXBuildFile; fileRef = B10000000000000000000012 /* IPALibrary.swift */; };
		A10000000000000000000013 /* IPAIconLoader.swift in Sources */ = {isa = PBXBuildFile; fileRef = B10000000000000000000013 /* IPAIconLoader.swift */; };
/* End PBXBuildFile section */

/* Begin PBXFileReference section */
		B10000000000000000000001 /* IPAForgeApp.swift */ = {isa = PBXFileReference; lastKnownFileType = sourcecode.swift; path = IPAForgeApp.swift; sourceTree = "<group>"; };
		B10000000000000000000002 /* ContentView.swift */ = {isa = PBXFileReference; lastKnownFileType = sourcecode.swift; path = ContentView.swift; sourceTree = "<group>"; };
		B10000000000000000000003 /* SignView.swift */ = {isa = PBXFileReference; lastKnownFileType = sourcecode.swift; path = SignView.swift; sourceTree = "<group>"; };
		B10000000000000000000004 /* SettingsView.swift */ = {isa = PBXFileReference; lastKnownFileType = sourcecode.swift; path = SettingsView.swift; sourceTree = "<group>"; };
		B10000000000000000000005 /* AddCertificateView.swift */ = {isa = PBXFileReference; lastKnownFileType = sourcecode.swift; path = AddCertificateView.swift; sourceTree = "<group>"; };
		B10000000000000000000006 /* Certificate.swift */ = {isa = PBXFileReference; lastKnownFileType = sourcecode.swift; path = Certificate.swift; sourceTree = "<group>"; };
		B10000000000000000000007 /* SigningOptions.swift */ = {isa = PBXFileReference; lastKnownFileType = sourcecode.swift; path = SigningOptions.swift; sourceTree = "<group>"; };
		B10000000000000000000008 /* CertificateManager.swift */ = {isa = PBXFileReference; lastKnownFileType = sourcecode.swift; path = CertificateManager.swift; sourceTree = "<group>"; };
		B10000000000000000000009 /* SigningService.swift */ = {isa = PBXFileReference; lastKnownFileType = sourcecode.swift; path = SigningService.swift; sourceTree = "<group>"; };
		B1000000000000000000000A /* IPAArchiveService.swift */ = {isa = PBXFileReference; lastKnownFileType = sourcecode.swift; path = IPAArchiveService.swift; sourceTree = "<group>"; };
		B1000000000000000000000C /* Info.plist */ = {isa = PBXFileReference; lastKnownFileType = text.plist.xml; path = Info.plist; sourceTree = "<group>"; };
		B1000000000000000000000D /* IPAForge.app */ = {isa = PBXFileReference; explicitFileType = wrapper.application; includeInIndex = 0; path = IPAForge.app; sourceTree = BUILT_PRODUCTS_DIR; };
		B1000000000000000000000E /* FileImporterRepresentableView.swift */ = {isa = PBXFileReference; lastKnownFileType = sourcecode.swift; path = FileImporterRepresentableView.swift; sourceTree = "<group>"; };
		B1000000000000000000000F /* UTType+cert.swift */ = {isa = PBXFileReference; lastKnownFileType = sourcecode.swift; path = "UTType+cert.swift"; sourceTree = "<group>"; };
		B10000000000000000000010 /* UTType+ipa.swift */ = {isa = PBXFileReference; lastKnownFileType = sourcecode.swift; path = "UTType+ipa.swift"; sourceTree = "<group>"; };
		B10000000000000000000011 /* IPAItem.swift */ = {isa = PBXFileReference; lastKnownFileType = sourcecode.swift; path = IPAItem.swift; sourceTree = "<group>"; };
		B10000000000000000000012 /* IPALibrary.swift */ = {isa = PBXFileReference; lastKnownFileType = sourcecode.swift; path = IPALibrary.swift; sourceTree = "<group>"; };
		B10000000000000000000013 /* IPAIconLoader.swift */ = {isa = PBXFileReference; lastKnownFileType = sourcecode.swift; path = IPAIconLoader.swift; sourceTree = "<group>"; };
/* End PBXFileReference section */

/* Begin PBXFrameworksBuildPhase section */
		D10000000000000000000001 /* Frameworks */ = {
			isa = PBXFrameworksBuildPhase;
			buildActionMask = 2147483647;
			files = (
				A1000000000000000000000B /* ZIPFoundation in Frameworks */,
			);
			runOnlyForDeploymentPostprocessing = 0;
		};
/* End PBXFrameworksBuildPhase section */

/* Begin PBXGroup section */
		E10000000000000000000001 = {
			isa = PBXGroup;
			children = (
				E10000000000000000000002 /* IPAForge */,
				E10000000000000000000003 /* Products */,
			);
			sourceTree = "<group>";
		};
		E10000000000000000000002 /* IPAForge */ = {
			isa = PBXGroup;
			children = (
				B10000000000000000000001 /* IPAForgeApp.swift */,
				B10000000000000000002 /* ContentView.swift */,
				E10000000000000000000004 /* Models */,
				E10000000000000000000005 /* Managers */,
				E10000000000000000000006 /* Views */,
				E10000000000000000000009 /* Extensions */,
				B1000000000000000000000C /* Info.plist */,
			);
			path = IPAForge;
			sourceTree = "<group>";
		};
		E10000000000000000000003 /* Products */ = {
			isa = PBXGroup;
			children = (
				B1000000000000000000000D /* IPAForge.app */,
			);
			name = Products;
			sourceTree = "<group>";
		};
		E10000000000000000000004 /* Models */ = {
			isa = PBXGroup;
			children = (
				B10000000000000000000006 /* Certificate.swift */,
				B10000000000000000000007 /* SigningOptions.swift */,
				B10000000000000000000011 /* IPAItem.swift */,
			);
			path = Models;
			sourceTree = "<group>";
		};
		E10000000000000000000005 /* Managers */ = {
			isa = PBXGroup;
			children = (
				B10000000000000000000008 /* CertificateManager.swift */,
				B10000000000000000000009 /* SigningService.swift */,
				B1000000000000000000000A /* IPAArchiveService.swift */,
				B10000000000000000000012 /* IPALibrary.swift */,
				B10000000000000000000013 /* IPAIconLoader.swift */,
			);
			path = Managers;
			sourceTree = "<group>";
		};
		E10000000000000000000006 /* Views */ = {
			isa = PBXGroup;
			children = (
				E1000000000000000000000A /* Common */,
				E10000000000000000000007 /* Sign */,
				E10000000000000000000008 /* Settings */,
			);
			path = Views;
			sourceTree = "<group>";
		};
		E10000000000000000000007 /* Sign */ = {
			isa = PBXGroup;
			children = (
				B10000000000000000000003 /* SignView.swift */,
			);
			path = Sign;
			sourceTree = "<group>";
		};
		E10000000000000000000008 /* Settings */ = {
			isa = PBXGroup;
			children = (
				B10000000000000000004 /* SettingsView.swift */,
				B10000000000000000000005 /* AddCertificateView.swift */,
			);
			path = Settings;
			sourceTree = "<group>";
		};
		E10000000000000000000009 /* Extensions */ = {
			isa = PBXGroup;
			children = (
				B1000000000000000000000F /* UTType+cert.swift */,
				B10000000000000000000010 /* UTType+ipa.swift */,
			);
			path = Extensions;
			sourceTree = "<group>";
		};
		E1000000000000000000000A /* Common */ = {
			isa = PBXGroup;
			children = (
				B1000000000000000000000E /* FileImporterRepresentableView.swift */,
			);
			path = Common;
			sourceTree = "<group>";
		};
/* End PBXGroup section */

/* Begin PBXNativeTarget section */
		F10000000000000000000001 /* IPAForge */ = {
			isa = PBXNativeTarget;
			buildConfigurationList = F10000000000000000000004 /* Build configuration list for PBXNativeTarget "IPAForge" */;
			buildPhases = (
				F10000000000000000000002 /* Sources */,
				D10000000000000000000001 /* Frameworks */,
				F10000000000000000000003 /* Resources */,
			);
			buildRules = (
			);
			dependencies = (
			);
			name = IPAForge;
			packageProductDependencies = (
				C10000000000000000000001 /* ZIPFoundation */,
			);
			productName = IPAForge;
			productReference = B1000000000000000000000D /* IPAForge.app */;
			productType = "com.apple.product-type.application";
		};
/* End PBXNativeTarget section */

/* Begin PBXProject section */
		F10000000000000000000005 /* Project object */ = {
			isa = PBXProject;
			attributes = {
				BuildIndependentTargetsInParallel = 1;
				LastSwiftUpdateCheck = 1600;
				LastUpgradeCheck = 1600;
				TargetAttributes = {
					F10000000000000000000001 = {
						CreatedOnToolsVersion = 16.0;
					};
				};
			};
			buildConfigurationList = F10000000000000000000006 /* Build configuration list for PBXProject "IPAForge" */;
			compatibilityVersion = "Xcode 14.0";
			developmentRegion = en;
			hasScannedForEncodings = 0;
			knownRegions = (
				en,
				Base,
			);
			mainGroup = E10000000000000000000001;
			packageReferences = (
				C10000000000000000000002 /* XCRemoteSwiftPackageReference "ZIPFoundation" */,
			);
			productRefGroup = E10000000000000000000003 /* Products */;
			projectDirPath = "";
			projectRoot = "";
			targets = (
				F10000000000000000000001 /* IPAForge */,
			);
		};
/* End PBXProject section */

/* Begin PBXResourcesBuildPhase section */
		F10000000000000000000003 /* Resources */ = {
			isa = PBXResourcesBuildPhase;
			buildActionMask = 2147483647;
			files = (
			);
			runOnlyForDeploymentPostprocessing = 0;
		};
/* End PBXResourcesBuildPhase section */

/* Begin PBXSourcesBuildPhase section */
		F10000000000000000000002 /* Sources */ = {
			isa = PBXSourcesBuildPhase;
			buildActionMask = 2147483647;
			files = (
				A10000000000000000000001 /* IPAForgeApp.swift in Sources */,
				A10000000000000000002 /* ContentView.swift in Sources */,
				A10000000000000000000003 /* SignView.swift in Sources */,
				A10000000000000000000004 /* SettingsView.swift in Sources */,
				A10000000000000000000005 /* AddCertificateView.swift in Sources */,
				A10000000000000000000006 /* Certificate.swift in Sources */,
				A10000000000000000000007 /* SigningOptions.swift in Sources */,
				A10000000000000000000008 /* CertificateManager.swift in Sources */,
				A10000000000000000000009 /* SigningService.swift in Sources */,
				A1000000000000000000000A /* IPAArchiveService.swift in Sources */,
				A1000000000000000000000E /* FileImporterRepresentableView.swift in Sources */,
				A1000000000000000000000F /* UTType+cert.swift in Sources */,
				A10000000000000000000010 /* UTType+ipa.swift in Sources */,
				A10000000000000000000011 /* IPAItem.swift in Sources */,
				A10000000000000000000012 /* IPALibrary.swift in Sources */,
				A10000000000000000000013 /* IPAIconLoader.swift in Sources */,
			);
			runOnlyForDeploymentPostprocessing = 0;
		};
/* End PBXSourcesBuildPhase section */

/* Begin XCBuildConfiguration section */
		F10000000000000000000007 /* Debug */ = {
			isa = XCBuildConfiguration;
			buildSettings = {
				ALWAYS_SEARCH_USER_PATHS = NO;
				CLANG_ENABLE_MODULES = YES;
				CLANG_ENABLE_OBJC_ARC = YES;
				COPY_PHASE_STRIP = NO;
				DEBUG_INFORMATION_FORMAT = dwarf;
				ENABLE_TESTABILITY = YES;
				GCC_DYNAMIC_NO_PIC = NO;
				GCC_OPTIMIZATION_LEVEL = 0;
				IPHONEOS_DEPLOYMENT_TARGET = 18.0;
				ONLY_ACTIVE_ARCH = YES;
				SDKROOT = iphoneos;
				SWIFT_ACTIVE_COMPILATION_CONDITIONS = "DEBUG $(inherited)";
				SWIFT_OPTIMIZATION_LEVEL = "-Onone";
				SWIFT_VERSION = 5.0;
			};
			name = Debug;
		};
		F10000000000000000000008 /* Release */ = {
			isa = XCBuildConfiguration;
			buildSettings = {
				ALWAYS_SEARCH_USER_PATHS = NO;
				CLANG_ENABLE_MODULES = YES;
				CLANG_ENABLE_OBJC_ARC = YES;
				COPY_PHASE_STRIP = NO;
				DEBUG_INFORMATION_FORMAT = "dwarf-with-dsym";
				IPHONEOS_DEPLOYMENT_TARGET = 18.0;
				SDKROOT = iphoneos;
				SWIFT_COMPILATION_MODE = wholemodule;
				SWIFT_VERSION = 5.0;
				VALIDATE_PRODUCT = YES;
			};
			name = Release;
		};
		F10000000000000000000009 /* Debug */ = {
			isa = XCBuildConfiguration;
			buildSettings = {
				CODE_SIGNING_ALLOWED = NO;
				CODE_SIGNING_REQUIRED = NO;
				CODE_SIGN_IDENTITY = "";
				CURRENT_PROJECT_VERSION = 1;
				DEVELOPMENT_TEAM = "";
				ENABLE_PREVIEWS = YES;
				GENERATE_INFOPLIST_FILE = NO;
				INFOPLIST_FILE = IPAForge/Info.plist;
				LD_RUNPATH_SEARCH_PATHS = (
					"$(inherited)",
					"@executable_path/Frameworks",
				);
				MARKETING_VERSION = 1.0;
				PRODUCT_BUNDLE_IDENTIFIER = tr.sapu.IPAForge;
				PRODUCT_NAME = "$(TARGET_NAME)";
				SUPPORTED_PLATFORMS = "iphoneos iphonesimulator";
				SUPPORTS_MACCATALYST = NO;
				SWIFT_EMIT_LOC_STRINGS = YES;
				SWIFT_VERSION = 5.0;
				TARGETED_DEVICE_FAMILY = "1,2";
			};
			name = Debug;
		};
		F1000000000000000000000A /* Release */ = {
			isa = XCBuildConfiguration;
			buildSettings = {
				CODE_SIGNING_ALLOWED = NO;
				CODE_SIGNING_REQUIRED = NO;
				CODE_SIGN_IDENTITY = "";
				CURRENT_PROJECT_VERSION = 1;
				DEVELOPMENT_TEAM = "";
				ENABLE_PREVIEWS = YES;
				GENERATE_INFOPLIST_FILE = NO;
				INFOPLIST_FILE = IPAForge/Info.plist;
				LD_RUNPATH_SEARCH_PATHS = (
					"$(inherited)",
					"@executable_path/Frameworks",
				);
				MARKETING_VERSION = 1.0;
				PRODUCT_BUNDLE_IDENTIFIER = tr.sapu.IPAForge;
				PRODUCT_NAME = "$(TARGET_NAME)";
				SUPPORTED_PLATFORMS = "iphoneos iphonesimulator";
				SUPPORTS_MACCATALYST = NO;
				SWIFT_EMIT_LOC_STRINGS = YES;
				SWIFT_VERSION = 5.0;
				TARGETED_DEVICE_FAMILY = "1,2";
			};
			name = Release;
		};
/* End XCBuildConfiguration section */

/* Begin XCConfigurationList section */
		F10000000000000000000004 /* Build configuration list for PBXNativeTarget "IPAForge" */ = {
			isa = XCConfigurationList;
			buildConfigurations = (
				F10000000000000000000009 /* Debug */,
				F1000000000000000000000A /* Release */,
			);
			defaultConfigurationIsVisible = 0;
			defaultConfigurationName = Release;
		};
		F10000000000000000000006 /* Build configuration list for PBXProject "IPAForge" */ = {
			isa = XCConfigurationList;
			buildConfigurations = (
				F10000000000000000000007 /* Debug */,
				F10000000000000000000008 /* Release */,
			);
			defaultConfigurationIsVisible = 0;
			defaultConfigurationName = Release;
		};
/* End XCConfigurationList section */

/* Begin XCRemoteSwiftPackageReference section */
		C10000000000000000000002 /* XCRemoteSwiftPackageReference "ZIPFoundation" */ = {
			isa = XCRemoteSwiftPackageReference;
			repositoryURL = "https://github.com/weichsel/ZIPFoundation.git";
			requirement = {
				kind = upToNextMajorVersion;
				minimumVersion = 0.9.19;
			};
		};
/* End XCRemoteSwiftPackageReference section */

/* Begin XCSwiftPackageProductDependency section */
		C10000000000000000000001 /* ZIPFoundation */ = {
			isa = XCSwiftPackageProductDependency;
			package = C10000000000000000000002 /* XCRemoteSwiftPackageReference "ZIPFoundation" */;
			productName = ZIPFoundation;
		};
/* End XCSwiftPackageProductDependency section */
	};
	rootObject = F10000000000000000000005 /* Project object */;
}
